
Microsoft Visual Studio Solution File, Format Version 12.00
# Visual Studio Version 17
VisualStudioVersion = 17.13.35919.96
MinimumVisualStudioVersion = 10.0.40219.1
Project("{FAE04EC0-301F-11D3-BF4B-00C04F79EFBC}") = "AstrofluxLauncher", "AstrofluxLauncher\AstrofluxLauncher.csproj", "{404E65C3-12CC-4041-8177-7247BC01AEA6}"
EndProject
Project("{FAE04EC0-301F-11D3-BF4B-00C04F79EFBC}") = "AstrofluxLauncherUpdater", "AstrofluxLauncherUpdater\AstrofluxLauncherUpdater.csproj", "{C7CF7DE3-5DE5-4347-B1EE-E7206B52D2F9}"
EndProject
Global
	GlobalSection(SolutionConfigurationPlatforms) = preSolution
		Debug|Any CPU = Debug|Any CPU
		Debug|x64 = Debug|x64
		Debug|x86 = Debug|x86
		Release|Any CPU = Release|Any CPU
		Release|x64 = Release|x64
		Release|x86 = Release|x86
	EndGlobalSection
	GlobalSection(ProjectConfigurationPlatforms) = postSolution
		{404E65C3-12CC-4041-8177-7247BC01AEA6}.Debug|Any CPU.ActiveCfg = Debug|Any CPU
		{404E65C3-12CC-4041-8177-7247BC01AEA6}.Debug|Any CPU.Build.0 = Debug|Any CPU
		{404E65C3-12CC-4041-8177-7247BC01AEA6}.Debug|x64.ActiveCfg = Debug|x64
		{404E65C3-12CC-4041-8177-7247BC01AEA6}.Debug|x64.Build.0 = Debug|x64
		{404E65C3-12CC-4041-8177-7247BC01AEA6}.Debug|x86.ActiveCfg = Debug|Any CPU
		{404E65C3-12CC-4041-8177-7247BC01AEA6}.Debug|x86.Build.0 = Debug|Any CPU
		{404E65C3-12CC-4041-8177-7247BC01AEA6}.Release|Any CPU.ActiveCfg = Release|Any CPU
		{404E65C3-12CC-4041-8177-7247BC01AEA6}.Release|Any CPU.Build.0 = Release|Any CPU
		{404E65C3-12CC-4041-8177-7247BC01AEA6}.Release|x64.ActiveCfg = Release|x64
		{404E65C3-12CC-4041-8177-7247BC01AEA6}.Release|x64.Build.0 = Release|x64
		{404E65C3-12CC-4041-8177-7247BC01AEA6}.Release|x86.ActiveCfg = Release|x86
		{404E65C3-12CC-4041-8177-7247BC01AEA6}.Release|x86.Build.0 = Release|x86
		{C7CF7DE3-5DE5-4347-B1EE-E7206B52D2F9}.Debug|Any CPU.ActiveCfg = Debug|Any CPU
		{C7CF7DE3-5DE5-4347-B1EE-E7206B52D2F9}.Debug|Any CPU.Build.0 = Debug|Any CPU
		{C7CF7DE3-5DE5-4347-B1EE-E7206B52D2F9}.Debug|x64.ActiveCfg = Debug|Any CPU
		{C7CF7DE3-5DE5-4347-B1EE-E7206B52D2F9}.Debug|x64.Build.0 = Debug|Any CPU
		{C7CF7DE3-5DE5-4347-B1EE-E7206B52D2F9}.Debug|x86.ActiveCfg = Debug|Any CPU
		{C7CF7DE3-5DE5-4347-B1EE-E7206B52D2F9}.Debug|x86.Build.0 = Debug|Any CPU
		{C7CF7DE3-5DE5-4347-B1EE-E7206B52D2F9}.Release|Any CPU.ActiveCfg = Release|Any CPU
		{C7CF7DE3-5DE5-4347-B1EE-E7206B52D2F9}.Release|Any CPU.Build.0 = Release|Any CPU
		{C7CF7DE3-5DE5-4347-B1EE-E7206B52D2F9}.Release|x64.ActiveCfg = Release|Any CPU
		{C7CF7DE3-5DE5-4347-B1EE-E7206B52D2F9}.Release|x64.Build.0 = Release|Any CPU
		{C7CF7DE3-5DE5-4347-B1EE-E7206B52D2F9}.Release|x86.ActiveCfg = Release|Any CPU
		{C7CF7DE3-5DE5-4347-B1EE-E7206B52D2F9}.Release|x86.Build.0 = Release|Any CPU
	EndGlobalSection
	GlobalSection(SolutionProperties) = preSolution
		HideSolutionNode = FALSE
	EndGlobalSection
	GlobalSection(ExtensibilityGlobals) = postSolution
		SolutionGuid = {FDDAD00F-5D96-48B8-A0C8-FEFF7462393D}
	EndGlobalSection
EndGlobal
